<?xml version="1.0" encoding="utf-8"?>
<Project ToolsVersion="4.0" xmlns="http://schemas.microsoft.com/developer/msbuild/2003">
  <ItemGroup>
    <Filter Include="Headers">
      <UniqueIdentifier>{4b0a624a-610d-4bc6-b311-2b02a781cdf9}</UniqueIdentifier>
    </Filter>
    <Filter Include="Sources">
      <UniqueIdentifier>{96692d2a-8790-41a9-bfac-6c5662d4ad61}</UniqueIdentifier>
    </Filter>
    <Filter Include="WorkStage">
      <UniqueIdentifier>{01191d12-9b0a-4587-9c82-a690f72538cf}</UniqueIdentifier>
    </Filter>
    <Filter Include="Sound">
      <UniqueIdentifier>{17070322-e32c-47ea-a580-768fa1d55ae8}</UniqueIdentifier>
    </Filter>
    <Filter Include="TitleScene">
      <UniqueIdentifier>{dd7a3a79-da0e-4500-ad8d-3e4eaf0051aa}</UniqueIdentifier>
    </Filter>
    <Filter Include="Sprite">
      <UniqueIdentifier>{72e70f84-eb12-4e21-a45e-24815ba3a84c}</UniqueIdentifier>
    </Filter>
    <Filter Include="Enemy">
      <UniqueIdentifier>{f7cf3f0c-40ff-49cd-a58d-cdbc266332a3}</UniqueIdentifier>
    </Filter>
    <Filter Include="Ballet">
      <UniqueIdentifier>{8ba9bc39-057d-4b3c-8d36-ff3d94759d2c}</UniqueIdentifier>
    </Filter>
    <Filter Include="Root">
      <UniqueIdentifier>{7502858e-1949-4cf9-9ad3-37a1fb1588d8}</UniqueIdentifier>
    </Filter>
    <Filter Include="Builder">
      <UniqueIdentifier>{39095291-c0e8-456b-97ed-36de95d30957}</UniqueIdentifier>
    </Filter>
    <Filter Include="Menu">
      <UniqueIdentifier>{7688e1c4-c642-4402-a03b-656e0c2eb412}</UniqueIdentifier>
    </Filter>
    <Filter Include="HP">
      <UniqueIdentifier>{5fb46bae-8121-4b0c-9a76-c6fbe2d5b453}</UniqueIdentifier>
    </Filter>
    <Filter Include="Line">
      <UniqueIdentifier>{1595b870-0b71-4a88-bb7b-f053f86bd02e}</UniqueIdentifier>
    </Filter>
    <Filter Include="Attack">
      <UniqueIdentifier>{7bca552e-ec87-4140-9961-853d9bb00057}</UniqueIdentifier>
    </Filter>
    <Filter Include="Sharp">
      <UniqueIdentifier>{d8869e88-a759-4c4b-9384-f78e0d013c5c}</UniqueIdentifier>
    </Filter>
  </ItemGroup>
  <ItemGroup>
    <ClInclude Include="$(MSBuildThisFileDirectory)Character.h">
      <Filter>Headers</Filter>
    </ClInclude>
    <ClInclude Include="$(MSBuildThisFileDirectory)GameStage.h">
      <Filter>Headers</Filter>
    </ClInclude>
    <ClInclude Include="$(MSBuildThisFileDirectory)Player.h">
      <Filter>Headers</Filter>
    </ClInclude>
    <ClInclude Include="$(MSBuildThisFileDirectory)Project.h">
      <Filter>Headers</Filter>
    </ClInclude>
    <ClInclude Include="$(MSBuildThisFileDirectory)ProjectShader.h">
      <Filter>Headers</Filter>
    </ClInclude>
    <ClInclude Include="$(MSBuildThisFileDirectory)Scene.h">
      <Filter>Headers</Filter>
    </ClInclude>
    <ClInclude Include="$(MSBuildThisFileDirectory)ProjectBehavior.h">
      <Filter>Headers</Filter>
    </ClInclude>
    <ClInclude Include="$(MSBuildThisFileDirectory)GameStage_Kamata.h">
      <Filter>WorkStage</Filter>
    </ClInclude>
    <ClInclude Include="$(MSBuildThisFileDirectory)GameStage_Munakata.h">
      <Filter>WorkStage</Filter>
    </ClInclude>
    <ClInclude Include="$(MSBuildThisFileDirectory)GameStage_Satou.h">
      <Filter>WorkStage</Filter>
    </ClInclude>
    <ClInclude Include="$(MSBuildThisFileDirectory)SoundManager.h">
      <Filter>Sound</Filter>
    </ClInclude>
    <ClInclude Include="$(MSBuildThisFileDirectory)Enemy.h">
      <Filter>Headers</Filter>
    </ClInclude>
    <ClInclude Include="$(MSBuildThisFileDirectory)TitleStage.h">
      <Filter>TitleScene</Filter>
    </ClInclude>
    <ClInclude Include="$(MSBuildThisFileDirectory)Sprite.h">
      <Filter>Sprite</Filter>
    </ClInclude>
    <ClInclude Include="$(MSBuildThisFileDirectory)Enemy.h">
      <Filter>Enemy</Filter>
    </ClInclude>
    <ClInclude Include="$(MSBuildThisFileDirectory)Mob.h">
      <Filter>Enemy</Filter>
    </ClInclude>
    <ClInclude Include="$(MSBuildThisFileDirectory)Ballet.h">
      <Filter>Ballet</Filter>
    </ClInclude>
    <ClInclude Include="$(MSBuildThisFileDirectory)FollowCamera.h">
      <Filter>Headers</Filter>
    </ClInclude>
    <ClInclude Include="$(MSBuildThisFileDirectory)BossEnemy.h">
      <Filter>Enemy</Filter>
    </ClInclude>
    <ClInclude Include="$(MSBuildThisFileDirectory)MobState.h">
      <Filter>Enemy</Filter>
    </ClInclude>
    <ClInclude Include="$(MSBuildThisFileDirectory)EnemyRouteSearch.h">
      <Filter>Root</Filter>
    </ClInclude>
    <ClInclude Include="$(MSBuildThisFileDirectory)RootPointer.h">
      <Filter>Root</Filter>
    </ClInclude>
    <ClInclude Include="$(MSBuildThisFileDirectory)SharpFan.h">
      <Filter>Sharp</Filter>
    </ClInclude>
    <ClInclude Include="$(MSBuildThisFileDirectory)StageBuilder.h">
      <Filter>Builder</Filter>
    </ClInclude>
    <ClInclude Include="$(MSBuildThisFileDirectory)Menu.h">
      <Filter>Menu</Filter>
    </ClInclude>
    <ClInclude Include="$(MSBuildThisFileDirectory)HPBar.h">
      <Filter>HP</Filter>
    </ClInclude>
    <ClInclude Include="$(MSBuildThisFileDirectory)ForecastLine.h">
      <Filter>Line</Filter>
    </ClInclude>
    <ClInclude Include="$(MSBuildThisFileDirectory)AttakCollision.h">
      <Filter>Attack</Filter>
    </ClInclude>
    <ClInclude Include="$(MSBuildThisFileDirectory)EffectManager.h" />
    <ClInclude Include="$(MSBuildThisFileDirectory)RayCast.h" />
    <ClInclude Include="$(MSBuildThisFileDirectory)BoneCollision.h" />
    <ClInclude Include="$(MSBuildThisFileDirectory)ScoreManager.h" />
    <ClInclude Include="$(MSBuildThisFileDirectory)Legion.h">
      <Filter>Enemy</Filter>
    </ClInclude>
    <ClInclude Include="$(MSBuildThisFileDirectory)TargetBoard.h" />
  </ItemGroup>
  <ItemGroup>
    <ClCompile Include="$(MSBuildThisFileDirectory)Character.cpp">
      <Filter>Sources</Filter>
    </ClCompile>
    <ClCompile Include="$(MSBuildThisFileDirectory)GameStage.cpp">
      <Filter>Sources</Filter>
    </ClCompile>
    <ClCompile Include="$(MSBuildThisFileDirectory)Player.cpp">
      <Filter>Sources</Filter>
    </ClCompile>
    <ClCompile Include="$(MSBuildThisFileDirectory)ProjectShader.cpp">
      <Filter>Sources</Filter>
    </ClCompile>
    <ClCompile Include="$(MSBuildThisFileDirectory)Scene.cpp">
      <Filter>Sources</Filter>
    </ClCompile>
    <ClCompile Include="$(MSBuildThisFileDirectory)WinMain.cpp">
      <Filter>Sources</Filter>
    </ClCompile>
    <ClCompile Include="$(MSBuildThisFileDirectory)ProjectBehavior.cpp">
      <Filter>Sources</Filter>
    </ClCompile>
    <ClCompile Include="$(MSBuildThisFileDirectory)GameStage_Kamata.cpp">
      <Filter>WorkStage</Filter>
    </ClCompile>
    <ClCompile Include="$(MSBuildThisFileDirectory)GameStage_Munakata.cpp">
      <Filter>WorkStage</Filter>
    </ClCompile>
    <ClCompile Include="$(MSBuildThisFileDirectory)GameStage_Satou.cpp">
      <Filter>WorkStage</Filter>
    </ClCompile>
    <ClCompile Include="$(MSBuildThisFileDirectory)SoundManager.cpp">
      <Filter>Sound</Filter>
    </ClCompile>
    <ClCompile Include="$(MSBuildThisFileDirectory)Enemy.cpp">
      <Filter>Sources</Filter>
    </ClCompile>
    <ClCompile Include="$(MSBuildThisFileDirectory)TitleStage.cpp">
      <Filter>TitleScene</Filter>
    </ClCompile>
    <ClCompile Include="$(MSBuildThisFileDirectory)Sprite.cpp">
      <Filter>Sprite</Filter>
    </ClCompile>
    <ClCompile Include="$(MSBuildThisFileDirectory)Enemy.cpp">
      <Filter>Enemy</Filter>
    </ClCompile>
    <ClCompile Include="$(MSBuildThisFileDirectory)Mob.cpp">
      <Filter>Enemy</Filter>
    </ClCompile>
    <ClCompile Include="$(MSBuildThisFileDirectory)Ballet.cpp">
      <Filter>Ballet</Filter>
    </ClCompile>
    <ClCompile Include="$(MSBuildThisFileDirectory)FollowCamera.cpp">
      <Filter>Sources</Filter>
    </ClCompile>
    <ClCompile Include="$(MSBuildThisFileDirectory)BossEnemy.cpp">
      <Filter>Enemy</Filter>
    </ClCompile>
    <ClCompile Include="$(MSBuildThisFileDirectory)MobState.cpp">
      <Filter>Enemy</Filter>
    </ClCompile>
    <ClCompile Include="$(MSBuildThisFileDirectory)EnemyRouteSearch.cpp">
      <Filter>Root</Filter>
    </ClCompile>
    <ClCompile Include="$(MSBuildThisFileDirectory)RootPointer.cpp">
      <Filter>Root</Filter>
    </ClCompile>
    <ClCompile Include="$(MSBuildThisFileDirectory)SharpFan.cpp">
      <Filter>Sharp</Filter>
    </ClCompile>
    <ClCompile Include="$(MSBuildThisFileDirectory)StageBuilder.cpp">
      <Filter>Builder</Filter>
    </ClCompile>
    <ClCompile Include="$(MSBuildThisFileDirectory)Menu.cpp">
      <Filter>Menu</Filter>
    </ClCompile>
    <ClCompile Include="$(MSBuildThisFileDirectory)HPBar.cpp">
      <Filter>HP</Filter>
    </ClCompile>
    <ClCompile Include="$(MSBuildThisFileDirectory)ForecastLine.cpp">
      <Filter>Line</Filter>
    </ClCompile>
    <ClCompile Include="$(MSBuildThisFileDirectory)AttakCollision.cpp">
      <Filter>Attack</Filter>
    </ClCompile>
    <ClCompile Include="$(MSBuildThisFileDirectory)EffectManager.cpp" />
    <ClCompile Include="$(MSBuildThisFileDirectory)RayCast.cpp" />
    <ClCompile Include="$(MSBuildThisFileDirectory)BoneCollision.cpp" />
    <ClCompile Include="$(MSBuildThisFileDirectory)ScoreManager.cpp" />
    <ClCompile Include="$(MSBuildThisFileDirectory)Legion.cpp">
      <Filter>Enemy</Filter>
    </ClCompile>
    <ClCompile Include="$(MSBuildThisFileDirectory)TargetBoard.cpp" />
  </ItemGroup>
</Project>